// !$*UTF8*$!
{
	archiveVersion = 1;
	classes = {
	};
	objectVersion = 77;
	objects = {

/* Begin PBXBuildFile section */
		08055A022B00DC47C3C7D094 /* Assets.xcassets in Resources */ = {isa = PBXBuildFile; fileRef = 530772E642BED6FE0502FF10 /* Assets.xcassets */; };
		109D3A2B31E636A7F934BE27 /* MacPlaybackGlobalHotkey.swift in Sources */ = {isa = PBXBuildFile; fileRef = A483538F2E6698D5BA7D4314 /* MacPlaybackGlobalHotkey.swift */; };
		1151CA5373AED850456B97E0 /* Assets.xcassets in Resources */ = {isa = PBXBuildFile; fileRef = 530772E642BED6FE0502FF10 /* Assets.xcassets */; };
		29F1E0A3E1A3F0CABD74909B /* BiteFMCore in Frameworks */ = {isa = PBXBuildFile; productRef = 2B434F33AFFB235322437DA9 /* BiteFMCore */; };
		2BDDA8B60D7938E8F5B3524C /* BiteFMiOSApp.swift in Sources */ = {isa = PBXBuildFile; fileRef = 16C96E3F47CB200D0528DBC5 /* BiteFMiOSApp.swift */; };
		372C81403F93F8DA87D0D044 /* FavoriteStateLogicTests.swift in Sources */ = {isa = PBXBuildFile; fileRef = FC3456133ACFB446A45664DE /* FavoriteStateLogicTests.swift */; };
		387EFDA5C7D68E2515F3EF97 /* MacAppDelegate.swift in Sources */ = {isa = PBXBuildFile; fileRef = 7B31DEB4DA60B282167D4D44 /* MacAppDelegate.swift */; };
		440513F9271821872B63953E /* ChangeFavoriteResponseTests.swift in Sources */ = {isa = PBXBuildFile; fileRef = AD912B8E3F7AD1CC548BD8AA /* ChangeFavoriteResponseTests.swift */; };
		6AB614125F732D44130767EE /* BiteFMMacApp.swift in Sources */ = {isa = PBXBuildFile; fileRef = ABD4F8305DA80311B05F07B5 /* BiteFMMacApp.swift */; };
		82F22C8A7413B75D18C74DDF /* BiteFMCore in Frameworks */ = {isa = PBXBuildFile; productRef = AED80C76F7243BD65351B3A7 /* BiteFMCore */; };
		93D106F7122F0E0619EF7590 /* BroadcastDetailTrackMatchTests.swift in Sources */ = {isa = PBXBuildFile; fileRef = CBD60CE03C82DFE778492395 /* BroadcastDetailTrackMatchTests.swift */; };
		C67EE98BF63EFC8F9C4C13DC /* FavoriteTrackItemDecodingTests.swift in Sources */ = {isa = PBXBuildFile; fileRef = B8FF8FF840232410B5084D40 /* FavoriteTrackItemDecodingTests.swift */; };
		DC975EE8EF29377C258FAC8D /* MacSpacePlaybackKeyMonitor.swift in Sources */ = {isa = PBXBuildFile; fileRef = DD3E21FC348BAD7B856C85D7 /* MacSpacePlaybackKeyMonitor.swift */; };
		DDFD88E9B0EF5D2C42CEAE51 /* ArchiveSectionHelpersTests.swift in Sources */ = {isa = PBXBuildFile; fileRef = 87A85A2322759B51E65F7523 /* ArchiveSectionHelpersTests.swift */; };
		ED7EB4B3E57BB5D0BF6D66AD /* BiteFMCore in Frameworks */ = {isa = PBXBuildFile; productRef = 4DC56BC922F1C764C1F047A2 /* BiteFMCore */; };
/* End PBXBuildFile section */

/* Begin PBXContainerItemProxy section */
		5D8E9E9588EA2BE064965318 /* PBXContainerItemProxy */ = {
			isa = PBXContainerItemProxy;
			containerPortal = 300E44B9AB063EC893A08199 /* Project object */;
			proxyType = 1;
			remoteGlobalIDString = 2714EBE26621EC91F046AB7A;
			remoteInfo = BiteFMMac;
		};
/* End PBXContainerItemProxy section */

/* Begin PBXFileReference section */
		16C96E3F47CB200D0528DBC5 /* BiteFMiOSApp.swift */ = {isa = PBXFileReference; lastKnownFileType = sourcecode.swift; path = BiteFMiOSApp.swift; sourceTree = "<group>"; };
		530772E642BED6FE0502FF10 /* Assets.xcassets */ = {isa = PBXFileReference; lastKnownFileType = folder.assetcatalog; path = Assets.xcassets; sourceTree = "<group>"; };
		6FD4885D96A1A79C3D8D9CEF /* BiteFM.app */ = {isa = PBXFileReference; explicitFileType = wrapper.application; includeInIndex = 0; path = BiteFM.app; sourceTree = BUILT_PRODUCTS_DIR; };
		7B31DEB4DA60B282167D4D44 /* MacAppDelegate.swift */ = {isa = PBXFileReference; lastKnownFileType = sourcecode.swift; path = MacAppDelegate.swift; sourceTree = "<group>"; };
		87A85A2322759B51E65F7523 /* ArchiveSectionHelpersTests.swift */ = {isa = PBXFileReference; lastKnownFileType = sourcecode.swift; path = ArchiveSectionHelpersTests.swift; sourceTree = "<group>"; };
		A483538F2E6698D5BA7D4314 /* MacPlaybackGlobalHotkey.swift */ = {isa = PBXFileReference; lastKnownFileType = sourcecode.swift; path = MacPlaybackGlobalHotkey.swift; sourceTree = "<group>"; };
		ABD4F8305DA80311B05F07B5 /* BiteFMMacApp.swift */ = {isa = PBXFileReference; lastKnownFileType = sourcecode.swift; path = BiteFMMacApp.swift; sourceTree = "<group>"; };
		AD912B8E3F7AD1CC548BD8AA /* ChangeFavoriteResponseTests.swift */ = {isa = PBXFileReference; lastKnownFileType = sourcecode.swift; path = ChangeFavoriteResponseTests.swift; sourceTree = "<group>"; };
		B2B131EE96867DA1857013B2 /* BiteFM */ = {isa = PBXFileReference; lastKnownFileType = folder; name = BiteFM; path = .; sourceTree = SOURCE_ROOT; };
		B8FF8FF840232410B5084D40 /* FavoriteTrackItemDecodingTests.swift */ = {isa = PBXFileReference; lastKnownFileType = sourcecode.swift; path = FavoriteTrackItemDecodingTests.swift; sourceTree = "<group>"; };
		C8D731A890D97D69C6E7427B /* BiteFMMac.app */ = {isa = PBXFileReference; explicitFileType = wrapper.application; includeInIndex = 0; path = BiteFMMac.app; sourceTree = BUILT_PRODUCTS_DIR; };
		CBD60CE03C82DFE778492395 /* BroadcastDetailTrackMatchTests.swift */ = {isa = PBXFileReference; lastKnownFileType = sourcecode.swift; path = BroadcastDetailTrackMatchTests.swift; sourceTree = "<group>"; };
		D24352E7C78FD486BAD3B483 /* BiteFMTests.xctest */ = {isa = PBXFileReference; explicitFileType = wrapper.cfbundle; includeInIndex = 0; path = BiteFMTests.xctest; sourceTree = BUILT_PRODUCTS_DIR; };
		DD3E21FC348BAD7B856C85D7 /* MacSpacePlaybackKeyMonitor.swift */ = {isa = PBXFileReference; lastKnownFileType = sourcecode.swift; path = MacSpacePlaybackKeyMonitor.swift; sourceTree = "<group>"; };
		FC3456133ACFB446A45664DE /* FavoriteStateLogicTests.swift */ = {isa = PBXFileReference; lastKnownFileType = sourcecode.swift; path = FavoriteStateLogicTests.swift; sourceTree = "<group>"; };
/* End PBXFileReference section */

/* Begin PBXFrameworksBuildPhase section */
		065B27F5F7021BAE3119E025 /* Frameworks */ = {
			isa = PBXFrameworksBuildPhase;
			buildActionMask = 2147483647;
			files = (
				ED7EB4B3E57BB5D0BF6D66AD /* BiteFMCore in Frameworks */,
			);
			runOnlyForDeploymentPostprocessing = 0;
		};
		9B071573B808338D2ECF673B /* Frameworks */ = {
			isa = PBXFrameworksBuildPhase;
			buildActionMask = 2147483647;
			files = (
				29F1E0A3E1A3F0CABD74909B /* BiteFMCore in Frameworks */,
			);
			runOnlyForDeploymentPostprocessing = 0;
		};
		F336527A329677BCB317E414 /* Frameworks */ = {
			isa = PBXFrameworksBuildPhase;
			buildActionMask = 2147483647;
			files = (
				82F22C8A7413B75D18C74DDF /* BiteFMCore in Frameworks */,
			);
			runOnlyForDeploymentPostprocessing = 0;
		};
/* End PBXFrameworksBuildPhase section */

/* Begin PBXGroup section */
		1B208ABE2409BE1A373EB423 /* BiteFMiOS */ = {
			isa = PBXGroup;
			children = (
				16C96E3F47CB200D0528DBC5 /* BiteFMiOSApp.swift */,
			);
			name = BiteFMiOS;
			path = Sources/BiteFMiOS;
			sourceTree = "<group>";
		};
		49D595D6C9510703C8F5CD3D /* BiteFMTests */ = {
			isa = PBXGroup;
			children = (
				87A85A2322759B51E65F7523 /* ArchiveSectionHelpersTests.swift */,
				CBD60CE03C82DFE778492395 /* BroadcastDetailTrackMatchTests.swift */,
				AD912B8E3F7AD1CC548BD8AA /* ChangeFavoriteResponseTests.swift */,
				FC3456133ACFB446A45664DE /* FavoriteStateLogicTests.swift */,
				B8FF8FF840232410B5084D40 /* FavoriteTrackItemDecodingTests.swift */,
			);
			name = BiteFMTests;
			path = Tests/BiteFMTests;
			sourceTree = "<group>";
		};
		4B9DDBC341ADB45C6A35BD06 /* BiteFMMac */ = {
			isa = PBXGroup;
			children = (
				ABD4F8305DA80311B05F07B5 /* BiteFMMacApp.swift */,
				7B31DEB4DA60B282167D4D44 /* MacAppDelegate.swift */,
				A483538F2E6698D5BA7D4314 /* MacPlaybackGlobalHotkey.swift */,
				DD3E21FC348BAD7B856C85D7 /* MacSpacePlaybackKeyMonitor.swift */,
			);
			name = BiteFMMac;
			path = Sources/BiteFMMac;
			sourceTree = "<group>";
		};
		8BC3A83C1D4E2585EBF9920B /* Products */ = {
			isa = PBXGroup;
			children = (
				6FD4885D96A1A79C3D8D9CEF /* BiteFM.app */,
				C8D731A890D97D69C6E7427B /* BiteFMMac.app */,
				D24352E7C78FD486BAD3B483 /* BiteFMTests.xctest */,
			);
			name = Products;
			sourceTree = "<group>";
		};
		A4B3F764ABED76F0250E019D /* BiteFMCore */ = {
			isa = PBXGroup;
			children = (
				530772E642BED6FE0502FF10 /* Assets.xcassets */,
			);
			name = BiteFMCore;
			path = Sources/BiteFMCore;
			sourceTree = "<group>";
		};
		C439494213899DB48A4B81DC /* Packages */ = {
			isa = PBXGroup;
			children = (
				B2B131EE96867DA1857013B2 /* BiteFM */,
			);
			name = Packages;
			sourceTree = "<group>";
		};
		FD1068A9FC66BA5FCE66C238 = {
			isa = PBXGroup;
			children = (
				A4B3F764ABED76F0250E019D /* BiteFMCore */,
				1B208ABE2409BE1A373EB423 /* BiteFMiOS */,
				4B9DDBC341ADB45C6A35BD06 /* BiteFMMac */,
				49D595D6C9510703C8F5CD3D /* BiteFMTests */,
				C439494213899DB48A4B81DC /* Packages */,
				8BC3A83C1D4E2585EBF9920B /* Products */,
			);
			sourceTree = "<group>";
		};
/* End PBXGroup section */

/* Begin PBXNativeTarget section */
		2714EBE26621EC91F046AB7A /* BiteFMMac */ = {
			isa = PBXNativeTarget;
			buildConfigurationList = F0EA4794DD26A16C948FEC0A /* Build configuration list for PBXNativeTarget "BiteFMMac" */;
			buildPhases = (
				8B6C146FCE5115775F1B9746 /* Sources */,
				6CBBF54C64D6EE6260A2DEDA /* Resources */,
				065B27F5F7021BAE3119E025 /* Frameworks */,
			);
			buildRules = (
			);
			dependencies = (
			);
			name = BiteFMMac;
			packageProductDependencies = (
				4DC56BC922F1C764C1F047A2 /* BiteFMCore */,
			);
			productName = BiteFMMac;
			productReference = C8D731A890D97D69C6E7427B /* BiteFMMac.app */;
			productType = "com.apple.product-type.application";
		};
		4487D46B839AC58F0CA0BE66 /* BiteFMTests */ = {
			isa = PBXNativeTarget;
			buildConfigurationList = D309F1EB3EBF41B75AC30299 /* Build configuration list for PBXNativeTarget "BiteFMTests" */;
			buildPhases = (
				57D81E82A3AFB7C21D105987 /* Sources */,
				9B071573B808338D2ECF673B /* Frameworks */,
			);
			buildRules = (
			);
			dependencies = (
				C7DF7FB0FB78A06F832B1794 /* PBXTargetDependency */,
			);
			name = BiteFMTests;
			packageProductDependencies = (
				2B434F33AFFB235322437DA9 /* BiteFMCore */,
			);
			productName = BiteFMTests;
			productReference = D24352E7C78FD486BAD3B483 /* BiteFMTests.xctest */;
			productType = "com.apple.product-type.bundle.unit-test";
		};
		4A2FB6E6368FC85D3E1C1663 /* BiteFMiOS */ = {
			isa = PBXNativeTarget;
			buildConfigurationList = 7CD9C55C7B7DCD58B5AB9A20 /* Build configuration list for PBXNativeTarget "BiteFMiOS" */;
			buildPhases = (
				D0DA6C473CD1F475B3623048 /* Sources */,
				68F48F94C4EDF43A10747233 /* Resources */,
				F336527A329677BCB317E414 /* Frameworks */,
			);
			buildRules = (
			);
			dependencies = (
			);
			name = BiteFMiOS;
			packageProductDependencies = (
				AED80C76F7243BD65351B3A7 /* BiteFMCore */,
			);
			productName = BiteFMiOS;
			productReference = 6FD4885D96A1A79C3D8D9CEF /* BiteFM.app */;
			productType = "com.apple.product-type.application";
		};
/* End PBXNativeTarget section */

/* Begin PBXProject section */
		300E44B9AB063EC893A08199 /* Project object */ = {
			isa = PBXProject;
			attributes = {
				BuildIndependentTargetsInParallel = YES;
				LastUpgradeCheck = 1430;
				TargetAttributes = {
					4A2FB6E6368FC85D3E1C1663 = {
						ProvisioningStyle = Automatic;
					};
				};
			};
			buildConfigurationList = AB40AD66BDF7FF907F0A3A42 /* Build configuration list for PBXProject "BiteFM" */;
			developmentRegion = en;
			hasScannedForEncodings = 0;
			knownRegions = (
				Base,
				en,
			);
			mainGroup = FD1068A9FC66BA5FCE66C238;
			minimizedProjectReferenceProxies = 1;
			packageReferences = (
				1E818404F8AFF88B1B98D5FB /* XCLocalSwiftPackageReference "." */,
			);
			preferredProjectObjectVersion = 77;
			productRefGroup = 8BC3A83C1D4E2585EBF9920B /* Products */;
			projectDirPath = "";
			projectRoot = "";
			targets = (
				2714EBE26621EC91F046AB7A /* BiteFMMac */,
				4487D46B839AC58F0CA0BE66 /* BiteFMTests */,
				4A2FB6E6368FC85D3E1C1663 /* BiteFMiOS */,
			);
		};
/* End PBXProject section */

/* Begin PBXResourcesBuildPhase section */
		68F48F94C4EDF43A10747233 /* Resources */ = {
			isa = PBXResourcesBuildPhase;
			buildActionMask = 2147483647;
			files = (
				08055A022B00DC47C3C7D094 /* Assets.xcassets in Resources */,
			);
			runOnlyForDeploymentPostprocessing = 0;
		};
		6CBBF54C64D6EE6260A2DEDA /* Resources */ = {
			isa = PBXResourcesBuildPhase;
			buildActionMask = 2147483647;
			files = (
				1151CA5373AED850456B97E0 /* Assets.xcassets in Resources */,
			);
			runOnlyForDeploymentPostprocessing = 0;
		};
/* End PBXResourcesBuildPhase section */

/* Begin PBXSourcesBuildPhase section */
		57D81E82A3AFB7C21D105987 /* Sources */ = {
			isa = PBXSourcesBuildPhase;
			buildActionMask = 2147483647;
			files = (
				DDFD88E9B0EF5D2C42CEAE51 /* ArchiveSectionHelpersTests.swift in Sources */,
				93D106F7122F0E0619EF7590 /* BroadcastDetailTrackMatchTests.swift in Sources */,
				440513F9271821872B63953E /* ChangeFavoriteResponseTests.swift in Sources */,
				372C81403F93F8DA87D0D044 /* FavoriteStateLogicTests.swift in Sources */,
				C67EE98BF63EFC8F9C4C13DC /* FavoriteTrackItemDecodingTests.swift in Sources */,
			);
			runOnlyForDeploymentPostprocessing = 0;
		};
		8B6C146FCE5115775F1B9746 /* Sources */ = {
			isa = PBXSourcesBuildPhase;
			buildActionMask = 2147483647;
			files = (
				6AB614125F732D44130767EE /* BiteFMMacApp.swift in Sources */,
				387EFDA5C7D68E2515F3EF97 /* MacAppDelegate.swift in Sources */,
				109D3A2B31E636A7F934BE27 /* MacPlaybackGlobalHotkey.swift in Sources */,
				DC975EE8EF29377C258FAC8D /* MacSpacePlaybackKeyMonitor.swift in Sources */,
			);
			runOnlyForDeploymentPostprocessing = 0;
		};
		D0DA6C473CD1F475B3623048 /* Sources */ = {
			isa = PBXSourcesBuildPhase;
			buildActionMask = 2147483647;
			files = (
				2BDDA8B60D7938E8F5B3524C /* BiteFMiOSApp.swift in Sources */,
			);
			runOnlyForDeploymentPostprocessing = 0;
		};
/* End PBXSourcesBuildPhase section */

/* Begin PBXTargetDependency section */
		C7DF7FB0FB78A06F832B1794 /* PBXTargetDependency */ = {
			isa = PBXTargetDependency;
			target = 2714EBE26621EC91F046AB7A /* BiteFMMac */;
			targetProxy = 5D8E9E9588EA2BE064965318 /* PBXContainerItemProxy */;
		};
/* End PBXTargetDependency section */

/* Begin XCBuildConfiguration section */
		4CB87FA1F4D5C720C5F69507 /* Release */ = {
			isa = XCBuildConfiguration;
			buildSettings = {
				ASSETCATALOG_COMPILER_APPICON_NAME = AppIcon;
				CODE_SIGN_IDENTITY = "iPhone Developer";
				CODE_SIGN_STYLE = Automatic;
				DEVELOPMENT_TEAM = G3B579TTTD;
				INFOPLIST_FILE = "Info-iOS.plist";
				IPHONEOS_DEPLOYMENT_TARGET = 17.0;
				LD_RUNPATH_SEARCH_PATHS = (
					"$(inherited)",
					"@executable_path/Frameworks",
				);
				PRODUCT_BUNDLE_IDENTIFIER = com.technofrikus.BiteFMiOS;
				PRODUCT_NAME = BiteFM;
				SDKROOT = iphoneos;
				TARGETED_DEVICE_FAMILY = "1,2";
			};
			name = Release;
		};
		5FBE72953B4AE6648E9CDA57 /* Debug */ = {
			isa = XCBuildConfiguration;
			buildSettings = {
				ASSETCATALOG_COMPILER_APPICON_NAME = AppIcon;
				CODE_SIGN_IDENTITY = "iPhone Developer";
				CODE_SIGN_STYLE = Automatic;
				DEVELOPMENT_TEAM = G3B579TTTD;
				INFOPLIST_FILE = "Info-iOS.plist";
				IPHONEOS_DEPLOYMENT_TARGET = 17.0;
				LD_RUNPATH_SEARCH_PATHS = (
					"$(inherited)",
					"@executable_path/Frameworks",
				);
				PRODUCT_BUNDLE_IDENTIFIER = com.technofrikus.BiteFMiOS;
				PRODUCT_NAME = BiteFM;
				SDKROOT = iphoneos;
				TARGETED_DEVICE_FAMILY = "1,2";
			};
			name = Debug;
		};
		787A2547A9324EFA2EF6A6D1 /* Debug */ = {
			isa = XCBuildConfiguration;
			buildSettings = {
				BUNDLE_LOADER = "$(TEST_HOST)";
				COMBINE_HIDPI_IMAGES = YES;
				GENERATE_INFOPLIST_FILE = YES;
				LD_RUNPATH_SEARCH_PATHS = (
					"$(inherited)",
					"@executable_path/../Frameworks",
					"@loader_path/../Frameworks",
				);
				MACOSX_DEPLOYMENT_TARGET = 14.0;
				PRODUCT_BUNDLE_IDENTIFIER = com.technofrikus.BiteFMTests;
				SDKROOT = macosx;
				TEST_HOST = "$(BUILT_PRODUCTS_DIR)/BiteFMMac.app/Contents/MacOS/BiteFMMac";
			};
			name = Debug;
		};
		8084A79345260B4FFF26D65A /* Debug */ = {
			isa = XCBuildConfiguration;
			buildSettings = {
				ALWAYS_SEARCH_USER_PATHS = NO;
				CLANG_ANALYZER_NONNULL = YES;
				CLANG_ANALYZER_NUMBER_OBJECT_CONVERSION = YES_AGGRESSIVE;
				CLANG_CXX_LANGUAGE_STANDARD = "gnu++14";
				CLANG_CXX_LIBRARY = "libc++";
				CLANG_ENABLE_MODULES = YES;
				CLANG_ENABLE_OBJC_ARC = YES;
				CLANG_ENABLE_OBJC_WEAK = YES;
				CLANG_WARN_BLOCK_CAPTURE_AUTORELEASING = YES;
				CLANG_WARN_BOOL_CONVERSION = YES;
				CLANG_WARN_COMMA = YES;
				CLANG_WARN_CONSTANT_CONVERSION = YES;
				CLANG_WARN_DEPRECATED_OBJC_IMPLEMENTATIONS = YES;
				CLANG_WARN_DIRECT_OBJC_ISA_USAGE = YES_ERROR;
				CLANG_WARN_DOCUMENTATION_COMMENTS = YES;
				CLANG_WARN_EMPTY_BODY = YES;
				CLANG_WARN_ENUM_CONVERSION = YES;
				CLANG_WARN_INFINITE_RECURSION = YES;
				CLANG_WARN_INT_CONVERSION = YES;
				CLANG_WARN_NON_LITERAL_NULL_CONVERSION = YES;
				CLANG_WARN_OBJC_IMPLICIT_RETAIN_SELF = YES;
				CLANG_WARN_OBJC_LITERAL_CONVERSION = YES;
				CLANG_WARN_OBJC_ROOT_CLASS = YES_ERROR;
				CLANG_WARN_QUOTED_INCLUDE_IN_FRAMEWORK_HEADER = YES;
				CLANG_WARN_RANGE_LOOP_ANALYSIS = YES;
				CLANG_WARN_STRICT_PROTOTYPES = YES;
				CLANG_WARN_SUSPICIOUS_MOVE = YES;
				CLANG_WARN_UNGUARDED_AVAILABILITY = YES_AGGRESSIVE;
				CLANG_WARN_UNREACHABLE_CODE = YES;
				CLANG_WARN__DUPLICATE_METHOD_MATCH = YES;
				COPY_PHASE_STRIP = NO;
				DEBUG_INFORMATION_FORMAT = dwarf;
				ENABLE_DEBUG_DYLIB = NO;
				ENABLE_STRICT_OBJC_MSGSEND = YES;
				ENABLE_TESTABILITY = YES;
				GCC_C_LANGUAGE_STANDARD = gnu11;
				GCC_DYNAMIC_NO_PIC = NO;
				GCC_NO_COMMON_BLOCKS = YES;
				GCC_OPTIMIZATION_LEVEL = 0;
				GCC_PREPROCESSOR_DEFINITIONS = (
					"$(inherited)",
					"DEBUG=1",
				);
				GCC_WARN_64_TO_32_BIT_CONVERSION = YES;
				GCC_WARN_ABOUT_RETURN_TYPE = YES_ERROR;
				GCC_WARN_UNDECLARED_SELECTOR = YES;
				GCC_WARN_UNINITIALIZED_AUTOS = YES_AGGRESSIVE;
				GCC_WARN_UNUSED_FUNCTION = YES;
				GCC_WARN_UNUSED_VARIABLE = YES;
				IPHONEOS_DEPLOYMENT_TARGET = 17.0;
				MACOSX_DEPLOYMENT_TARGET = 14.0;
				MTL_ENABLE_DEBUG_INFO = INCLUDE_SOURCE;
				MTL_FAST_MATH = YES;
				ONLY_ACTIVE_ARCH = YES;
				PRODUCT_NAME = "$(TARGET_NAME)";
				SWIFT_ACTIVE_COMPILATION_CONDITIONS = DEBUG;
				SWIFT_OPTIMIZATION_LEVEL = "-Onone";
				SWIFT_VERSION = 5.0;
			};
			name = Debug;
		};
		96134BB11BEC9AE0CB3977F8 /* Release */ = {
			isa = XCBuildConfiguration;
			buildSettings = {
				ASSETCATALOG_COMPILER_APPICON_NAME = AppIcon;
				COMBINE_HIDPI_IMAGES = YES;
				INFOPLIST_FILE = Info.plist;
				LD_RUNPATH_SEARCH_PATHS = (
					"$(inherited)",
					"@executable_path/../Frameworks",
				);
				MACOSX_DEPLOYMENT_TARGET = 14.0;
				PRODUCT_BUNDLE_IDENTIFIER = com.technofrikus.BiteFMMac;
				SDKROOT = macosx;
			};
			name = Release;
		};
		9657F15007F167F468891B30 /* Release */ = {
			isa = XCBuildConfiguration;
			buildSettings = {
				BUNDLE_LOADER = "$(TEST_HOST)";
				COMBINE_HIDPI_IMAGES = YES;
				GENERATE_INFOPLIST_FILE = YES;
				LD_RUNPATH_SEARCH_PATHS = (
					"$(inherited)",
					"@executable_path/../Frameworks",
					"@loader_path/../Frameworks",
				);
				MACOSX_DEPLOYMENT_TARGET = 14.0;
				PRODUCT_BUNDLE_IDENTIFIER = com.technofrikus.BiteFMTests;
				SDKROOT = macosx;
				TEST_HOST = "$(BUILT_PRODUCTS_DIR)/BiteFMMac.app/Contents/MacOS/BiteFMMac";
			};
			name = Release;
		};
		B6C1A9857578527613090632 /* Debug */ = {
			isa = XCBuildConfiguration;
			buildSettings = {
				ASSETCATALOG_COMPILER_APPICON_NAME = AppIcon;
				COMBINE_HIDPI_IMAGES = YES;
				ENABLE_DEBUG_DYLIB = NO;
				INFOPLIST_FILE = Info.plist;
				LD_RUNPATH_SEARCH_PATHS = (
					"$(inherited)",
					"@executable_path/../Frameworks",
				);
				MACOSX_DEPLOYMENT_TARGET = 14.0;
				PRODUCT_BUNDLE_IDENTIFIER = com.technofrikus.BiteFMMac;
				SDKROOT = macosx;
			};
			name = Debug;
		};
		F66A10B7ADBF58E673D567C4 /* Release */ = {
			isa = XCBuildConfiguration;
			buildSettings = {
				ALWAYS_SEARCH_USER_PATHS = NO;
				CLANG_ANALYZER_NONNULL = YES;
				CLANG_ANALYZER_NUMBER_OBJECT_CONVERSION = YES_AGGRESSIVE;
				CLANG_CXX_LANGUAGE_STANDARD = "gnu++14";
				CLANG_CXX_LIBRARY = "libc++";
				CLANG_ENABLE_MODULES = YES;
				CLANG_ENABLE_OBJC_ARC = YES;
				CLANG_ENABLE_OBJC_WEAK = YES;
				CLANG_WARN_BLOCK_CAPTURE_AUTORELEASING = YES;
				CLANG_WARN_BOOL_CONVERSION = YES;
				CLANG_WARN_COMMA = YES;
				CLANG_WARN_CONSTANT_CONVERSION = YES;
				CLANG_WARN_DEPRECATED_OBJC_IMPLEMENTATIONS = YES;
				CLANG_WARN_DIRECT_OBJC_ISA_USAGE = YES_ERROR;
				CLANG_WARN_DOCUMENTATION_COMMENTS = YES;
				CLANG_WARN_EMPTY_BODY = YES;
				CLANG_WARN_ENUM_CONVERSION = YES;
				CLANG_WARN_INFINITE_RECURSION = YES;
				CLANG_WARN_INT_CONVERSION = YES;
				CLANG_WARN_NON_LITERAL_NULL_CONVERSION = YES;
				CLANG_WARN_OBJC_IMPLICIT_RETAIN_SELF = YES;
				CLANG_WARN_OBJC_LITERAL_CONVERSION = YES;
				CLANG_WARN_OBJC_ROOT_CLASS = YES_ERROR;
				CLANG_WARN_QUOTED_INCLUDE_IN_FRAMEWORK_HEADER = YES;
				CLANG_WARN_RANGE_LOOP_ANALYSIS = YES;
				CLANG_WARN_STRICT_PROTOTYPES = YES;
				CLANG_WARN_SUSPICIOUS_MOVE = YES;
				CLANG_WARN_UNGUARDED_AVAILABILITY = YES_AGGRESSIVE;
				CLANG_WARN_UNREACHABLE_CODE = YES;
				CLANG_WARN__DUPLICATE_METHOD_MATCH = YES;
				COPY_PHASE_STRIP = NO;
				DEBUG_INFORMATION_FORMAT = "dwarf-with-dsym";
				ENABLE_NS_ASSERTIONS = NO;
				ENABLE_STRICT_OBJC_MSGSEND = YES;
				GCC_C_LANGUAGE_STANDARD = gnu11;
				GCC_NO_COMMON_BLOCKS = YES;
				GCC_WARN_64_TO_32_BIT_CONVERSION = YES;
				GCC_WARN_ABOUT_RETURN_TYPE = YES_ERROR;
				GCC_WARN_UNDECLARED_SELECTOR = YES;
				GCC_WARN_UNINITIALIZED_AUTOS = YES_AGGRESSIVE;
				GCC_WARN_UNUSED_FUNCTION = YES;
				GCC_WARN_UNUSED_VARIABLE = YES;
				IPHONEOS_DEPLOYMENT_TARGET = 17.0;
				MACOSX_DEPLOYMENT_TARGET = 14.0;
				MTL_ENABLE_DEBUG_INFO = NO;
				MTL_FAST_MATH = YES;
				PRODUCT_NAME = "$(TARGET_NAME)";
				SWIFT_COMPILATION_MODE = wholemodule;
				SWIFT_OPTIMIZATION_LEVEL = "-O";
				SWIFT_VERSION = 5.0;
			};
			name = Release;
		};
/* End XCBuildConfiguration section */

/* Begin XCConfigurationList section */
		7CD9C55C7B7DCD58B5AB9A20 /* Build configuration list for PBXNativeTarget "BiteFMiOS" */ = {
			isa = XCConfigurationList;
			buildConfigurations = (
				5FBE72953B4AE6648E9CDA57 /* Debug */,
				4CB87FA1F4D5C720C5F69507 /* Release */,
			);
			defaultConfigurationIsVisible = 0;
			defaultConfigurationName = Debug;
		};
		AB40AD66BDF7FF907F0A3A42 /* Build configuration list for PBXProject "BiteFM" */ = {
			isa = XCConfigurationList;
			buildConfigurations = (
				8084A79345260B4FFF26D65A /* Debug */,
				F66A10B7ADBF58E673D567C4 /* Release */,
			);
			defaultConfigurationIsVisible = 0;
			defaultConfigurationName = Debug;
		};
		D309F1EB3EBF41B75AC30299 /* Build configuration list for PBXNativeTarget "BiteFMTests" */ = {
			isa = XCConfigurationList;
			buildConfigurations = (
				787A2547A9324EFA2EF6A6D1 /* Debug */,
				9657F15007F167F468891B30 /* Release */,
			);
			defaultConfigurationIsVisible = 0;
			defaultConfigurationName = Debug;
		};
		F0EA4794DD26A16C948FEC0A /* Build configuration list for PBXNativeTarget "BiteFMMac" */ = {
			isa = XCConfigurationList;
			buildConfigurations = (
				B6C1A9857578527613090632 /* Debug */,
				96134BB11BEC9AE0CB3977F8 /* Release */,
			);
			defaultConfigurationIsVisible = 0;
			defaultConfigurationName = Debug;
		};
/* End XCConfigurationList section */

/* Begin XCLocalSwiftPackageReference section */
		1E818404F8AFF88B1B98D5FB /* XCLocalSwiftPackageReference "." */ = {
			isa = XCLocalSwiftPackageReference;
			relativePath = .;
		};
/* End XCLocalSwiftPackageReference section */

/* Begin XCSwiftPackageProductDependency section */
		2B434F33AFFB235322437DA9 /* BiteFMCore */ = {
			isa = XCSwiftPackageProductDependency;
			productName = BiteFMCore;
		};
		4DC56BC922F1C764C1F047A2 /* BiteFMCore */ = {
			isa = XCSwiftPackageProductDependency;
			productName = BiteFMCore;
		};
		AED80C76F7243BD65351B3A7 /* BiteFMCore */ = {
			isa = XCSwiftPackageProductDependency;
			productName = BiteFMCore;
		};
/* End XCSwiftPackageProductDependency section */
	};
	rootObject = 300E44B9AB063EC893A08199 /* Project object */;
}
