// !$*UTF8*$!
{
	archiveVersion = 1;
	classes = {
	};
	objectVersion = 77;
	objects = {

/* Begin PBXBuildFile section */
		06396D84E0815A1BCCD5A03D /* LogManager.swift in Sources */ = {isa = PBXBuildFile; fileRef = 38184DF7425D231679E9B5AA /* LogManager.swift */; };
		096EE74B9E84BBB2C82D10F7 /* BroadcastRow.swift in Sources */ = {isa = PBXBuildFile; fileRef = 979A52BD6C878098008F370A /* BroadcastRow.swift */; };
		0C0E37CA0905DF20F6F8EFB4 /* BroadcastDetailView.swift in Sources */ = {isa = PBXBuildFile; fileRef = 36C8617DC14CB667A1FF444A /* BroadcastDetailView.swift */; };
		11248EFEDCF49BB9F7CB1B40 /* Assets.xcassets in Resources */ = {isa = PBXBuildFile; fileRef = 03647380629A6CAF3AAEDA08 /* Assets.xcassets */; };
		16D0E2F1CB3A4838CCC20B0F /* BroadcastListView.swift in Sources */ = {isa = PBXBuildFile; fileRef = A4D74328FF192C360D3DECCF /* BroadcastListView.swift */; };
		319819E5DE4D2822017994ED /* Show.swift in Sources */ = {isa = PBXBuildFile; fileRef = 3D17B337D265D510017AB400 /* Show.swift */; };
		35C0C4003FDC0575604D5132 /* KeychainHelper.swift in Sources */ = {isa = PBXBuildFile; fileRef = 2D289842C992C6539365E8F2 /* KeychainHelper.swift */; };
		36376C4CC68D0ADE9F825BDD /* FavoriteBroadcast.swift in Sources */ = {isa = PBXBuildFile; fileRef = 63BCF720330AEA57269C126A /* FavoriteBroadcast.swift */; };
		37E5135DE3CB200DE15BB43D /* PlayerBarView.swift in Sources */ = {isa = PBXBuildFile; fileRef = 29EE154B52FFEBF2A107E9E7 /* PlayerBarView.swift */; };
		3B95BE571354B84CA012F046 /* StoredShow.swift in Sources */ = {isa = PBXBuildFile; fileRef = D9538C505149AFD10ED778FC /* StoredShow.swift */; };
		3BF7DD36B08F8AB97AEB9000 /* BroadcastInspectorModifier.swift in Sources */ = {isa = PBXBuildFile; fileRef = 166474C4839B020237C39934 /* BroadcastInspectorModifier.swift */; };
		51A8D7D8BAAA2CCEFC6B44FD /* ArchiveItem.swift in Sources */ = {isa = PBXBuildFile; fileRef = 7E320743551142C56F1B26C0 /* ArchiveItem.swift */; };
		5708F796C241AF05E3826060 /* StoredArchiveItem.swift in Sources */ = {isa = PBXBuildFile; fileRef = 5D93ED73478914AE8D645A23 /* StoredArchiveItem.swift */; };
		5D4F40163630049C7B75C47C /* AudioPlayerManager.swift in Sources */ = {isa = PBXBuildFile; fileRef = 9D0E0C054F0CB893601FB9AF /* AudioPlayerManager.swift */; };
		5FF307CE4C83FA9BA896B331 /* ArchiveView.swift in Sources */ = {isa = PBXBuildFile; fileRef = 81A9B588B9BD69D35183A2C1 /* ArchiveView.swift */; };
		6DD3BD6DDB4DB1761BE99103 /* LiveMetadata.swift in Sources */ = {isa = PBXBuildFile; fileRef = F6B91D19D99CD0ECF0EA98EE /* LiveMetadata.swift */; };
		80DA8DECE043761D1E6539EF /* APIClient.swift in Sources */ = {isa = PBXBuildFile; fileRef = 4AA6F0B1FE59B225148D9419 /* APIClient.swift */; };
		87645EC009334A41E8BBA01D /* StoredListeningHistoryEntry.swift in Sources */ = {isa = PBXBuildFile; fileRef = 6710C34757EB34512A46239A /* StoredListeningHistoryEntry.swift */; };
		A0CE749CDB6C0CD26695E37D /* ContentView.swift in Sources */ = {isa = PBXBuildFile; fileRef = 5EB6B21324DA28C4E6E8BDC1 /* ContentView.swift */; };
		A8C308DF4882003D31A5F5FB /* BiteFMApp.swift in Sources */ = {isa = PBXBuildFile; fileRef = 0279916C527C3CCC2EAEB46D /* BiteFMApp.swift */; };
		B1830EA2F1C659C1B33A15B1 /* BroadcastDetail.swift in Sources */ = {isa = PBXBuildFile; fileRef = 7738AA3922BE150B8C800E08 /* BroadcastDetail.swift */; };
		BDA28ABCDA810DFF2C667CC4 /* String+Extensions.swift in Sources */ = {isa = PBXBuildFile; fileRef = F1BC17A6B81F8330C5B74395 /* String+Extensions.swift */; };
		A8C4E2103F5B6D7E8091A2B3D /* MacSpacePlaybackKeyMonitor.swift in Sources */ = {isa = PBXBuildFile; fileRef = A8C4E2103F5B6D7E8091A2B3C /* MacSpacePlaybackKeyMonitor.swift */; };
		C3D4E5F60718293A4B5C6D7E /* MacAppDelegate.swift in Sources */ = {isa = PBXBuildFile; fileRef = C3D4E5F60718293A4B5C6D7D /* MacAppDelegate.swift */; };
		D4E5F60718293A4B5C6D7E8F /* MacPlaybackGlobalHotkey.swift in Sources */ = {isa = PBXBuildFile; fileRef = D4E5F60718293A4B5C6D7E8E /* MacPlaybackGlobalHotkey.swift */; };
		BDC9E980FF984EECD35B02F6 /* StoredFavoriteBroadcast.swift in Sources */ = {isa = PBXBuildFile; fileRef = C896E1AAA1846FC38FDFB903 /* StoredFavoriteBroadcast.swift */; };
		C6B3E06AE5AC1C82C06B5E9F /* LoginView.swift in Sources */ = {isa = PBXBuildFile; fileRef = 63B28DEEAA2489AC8EC700D2 /* LoginView.swift */; };
		C7B2D56A7A4870AAF67333B2 /* ListeningHistory.swift in Sources */ = {isa = PBXBuildFile; fileRef = C7C5D74314945ED3093270A8 /* ListeningHistory.swift */; };
		DABE31160A6200151D49D983 /* LiveView.swift in Sources */ = {isa = PBXBuildFile; fileRef = 6A1F6AB4C85DD4FB9803AEC7 /* LiveView.swift */; };
		DF77B54CE27FA8CA7F9855A5 /* StoredPlaybackPosition.swift in Sources */ = {isa = PBXBuildFile; fileRef = E6A2AA19D015260A75E02B82 /* StoredPlaybackPosition.swift */; };
		F6D02C684D580D1E4CCC3F5C /* ArchiveNew.swift in Sources */ = {isa = PBXBuildFile; fileRef = E0E4E1B277E221051054138D /* ArchiveNew.swift */; };
/* End PBXBuildFile section */

/* Begin PBXFileReference section */
		0279916C527C3CCC2EAEB46D /* BiteFMApp.swift */ = {isa = PBXFileReference; lastKnownFileType = sourcecode.swift; path = BiteFMApp.swift; sourceTree = "<group>"; };
		03647380629A6CAF3AAEDA08 /* Assets.xcassets */ = {isa = PBXFileReference; lastKnownFileType = folder.assetcatalog; path = Assets.xcassets; sourceTree = "<group>"; };
		166474C4839B020237C39934 /* BroadcastInspectorModifier.swift */ = {isa = PBXFileReference; lastKnownFileType = sourcecode.swift; path = BroadcastInspectorModifier.swift; sourceTree = "<group>"; };
		29EE154B52FFEBF2A107E9E7 /* PlayerBarView.swift */ = {isa = PBXFileReference; lastKnownFileType = sourcecode.swift; path = PlayerBarView.swift; sourceTree = "<group>"; };
		2D289842C992C6539365E8F2 /* KeychainHelper.swift */ = {isa = PBXFileReference; lastKnownFileType = sourcecode.swift; path = KeychainHelper.swift; sourceTree = "<group>"; };
		36C8617DC14CB667A1FF444A /* BroadcastDetailView.swift */ = {isa = PBXFileReference; lastKnownFileType = sourcecode.swift; path = BroadcastDetailView.swift; sourceTree = "<group>"; };
		38184DF7425D231679E9B5AA /* LogManager.swift */ = {isa = PBXFileReference; lastKnownFileType = sourcecode.swift; path = LogManager.swift; sourceTree = "<group>"; };
		3D17B337D265D510017AB400 /* Show.swift */ = {isa = PBXFileReference; lastKnownFileType = sourcecode.swift; path = Show.swift; sourceTree = "<group>"; };
		482A2829B914B2E1A5B5D4FB /* BiteFM.app */ = {isa = PBXFileReference; explicitFileType = wrapper.application; includeInIndex = 0; path = BiteFM.app; sourceTree = BUILT_PRODUCTS_DIR; };
		4AA6F0B1FE59B225148D9419 /* APIClient.swift */ = {isa = PBXFileReference; lastKnownFileType = sourcecode.swift; path = APIClient.swift; sourceTree = "<group>"; };
		5D93ED73478914AE8D645A23 /* StoredArchiveItem.swift */ = {isa = PBXFileReference; lastKnownFileType = sourcecode.swift; path = StoredArchiveItem.swift; sourceTree = "<group>"; };
		5EB6B21324DA28C4E6E8BDC1 /* ContentView.swift */ = {isa = PBXFileReference; lastKnownFileType = sourcecode.swift; path = ContentView.swift; sourceTree = "<group>"; };
		63B28DEEAA2489AC8EC700D2 /* LoginView.swift */ = {isa = PBXFileReference; lastKnownFileType = sourcecode.swift; path = LoginView.swift; sourceTree = "<group>"; };
		63BCF720330AEA57269C126A /* FavoriteBroadcast.swift */ = {isa = PBXFileReference; lastKnownFileType = sourcecode.swift; path = FavoriteBroadcast.swift; sourceTree = "<group>"; };
		6710C34757EB34512A46239A /* StoredListeningHistoryEntry.swift */ = {isa = PBXFileReference; lastKnownFileType = sourcecode.swift; path = StoredListeningHistoryEntry.swift; sourceTree = "<group>"; };
		6A1F6AB4C85DD4FB9803AEC7 /* LiveView.swift */ = {isa = PBXFileReference; lastKnownFileType = sourcecode.swift; path = LiveView.swift; sourceTree = "<group>"; };
		7738AA3922BE150B8C800E08 /* BroadcastDetail.swift */ = {isa = PBXFileReference; lastKnownFileType = sourcecode.swift; path = BroadcastDetail.swift; sourceTree = "<group>"; };
		7E320743551142C56F1B26C0 /* ArchiveItem.swift */ = {isa = PBXFileReference; lastKnownFileType = sourcecode.swift; path = ArchiveItem.swift; sourceTree = "<group>"; };
		81A9B588B9BD69D35183A2C1 /* ArchiveView.swift */ = {isa = PBXFileReference; lastKnownFileType = sourcecode.swift; path = ArchiveView.swift; sourceTree = "<group>"; };
		979A52BD6C878098008F370A /* BroadcastRow.swift */ = {isa = PBXFileReference; lastKnownFileType = sourcecode.swift; path = BroadcastRow.swift; sourceTree = "<group>"; };
		9D0E0C054F0CB893601FB9AF /* AudioPlayerManager.swift */ = {isa = PBXFileReference; lastKnownFileType = sourcecode.swift; path = AudioPlayerManager.swift; sourceTree = "<group>"; };
		A4D74328FF192C360D3DECCF /* BroadcastListView.swift */ = {isa = PBXFileReference; lastKnownFileType = sourcecode.swift; path = BroadcastListView.swift; sourceTree = "<group>"; };
		C7C5D74314945ED3093270A8 /* ListeningHistory.swift */ = {isa = PBXFileReference; lastKnownFileType = sourcecode.swift; path = ListeningHistory.swift; sourceTree = "<group>"; };
		C896E1AAA1846FC38FDFB903 /* StoredFavoriteBroadcast.swift */ = {isa = PBXFileReference; lastKnownFileType = sourcecode.swift; path = StoredFavoriteBroadcast.swift; sourceTree = "<group>"; };
		D9538C505149AFD10ED778FC /* StoredShow.swift */ = {isa = PBXFileReference; lastKnownFileType = sourcecode.swift; path = StoredShow.swift; sourceTree = "<group>"; };
		E0E4E1B277E221051054138D /* ArchiveNew.swift */ = {isa = PBXFileReference; lastKnownFileType = sourcecode.swift; path = ArchiveNew.swift; sourceTree = "<group>"; };
		E6A2AA19D015260A75E02B82 /* StoredPlaybackPosition.swift */ = {isa = PBXFileReference; lastKnownFileType = sourcecode.swift; path = StoredPlaybackPosition.swift; sourceTree = "<group>"; };
		F1BC17A6B81F8330C5B74395 /* String+Extensions.swift */ = {isa = PBXFileReference; lastKnownFileType = sourcecode.swift; path = "String+Extensions.swift"; sourceTree = "<group>"; };
		A8C4E2103F5B6D7E8091A2B3C /* MacSpacePlaybackKeyMonitor.swift */ = {isa = PBXFileReference; lastKnownFileType = sourcecode.swift; path = MacSpacePlaybackKeyMonitor.swift; sourceTree = "<group>"; };
		C3D4E5F60718293A4B5C6D7D /* MacAppDelegate.swift */ = {isa = PBXFileReference; lastKnownFileType = sourcecode.swift; path = MacAppDelegate.swift; sourceTree = "<group>"; };
		D4E5F60718293A4B5C6D7E8E /* MacPlaybackGlobalHotkey.swift */ = {isa = PBXFileReference; lastKnownFileType = sourcecode.swift; path = MacPlaybackGlobalHotkey.swift; sourceTree = "<group>"; };
		F6B91D19D99CD0ECF0EA98EE /* LiveMetadata.swift */ = {isa = PBXFileReference; lastKnownFileType = sourcecode.swift; path = LiveMetadata.swift; sourceTree = "<group>"; };
/* End PBXFileReference section */

/* Begin PBXGroup section */
		6F8AC4FCAFBC22C4457BBD44 /* Utils */ = {
			isa = PBXGroup;
			children = (
				A8C4E2103F5B6D7E8091A2B3C /* MacSpacePlaybackKeyMonitor.swift */,
				D4E5F60718293A4B5C6D7E8E /* MacPlaybackGlobalHotkey.swift */,
				F1BC17A6B81F8330C5B74395 /* String+Extensions.swift */,
			);
			path = Utils;
			sourceTree = "<group>";
		};
		736893108281AEDF00D5B0F0 /* Networking */ = {
			isa = PBXGroup;
			children = (
				4AA6F0B1FE59B225148D9419 /* APIClient.swift */,
				2D289842C992C6539365E8F2 /* KeychainHelper.swift */,
				38184DF7425D231679E9B5AA /* LogManager.swift */,
			);
			path = Networking;
			sourceTree = "<group>";
		};
		81493F1C4987530F5631660E /* Views */ = {
			isa = PBXGroup;
			children = (
				E0E4E1B277E221051054138D /* ArchiveNew.swift */,
				81A9B588B9BD69D35183A2C1 /* ArchiveView.swift */,
				36C8617DC14CB667A1FF444A /* BroadcastDetailView.swift */,
				166474C4839B020237C39934 /* BroadcastInspectorModifier.swift */,
				A4D74328FF192C360D3DECCF /* BroadcastListView.swift */,
				979A52BD6C878098008F370A /* BroadcastRow.swift */,
				5EB6B21324DA28C4E6E8BDC1 /* ContentView.swift */,
				6A1F6AB4C85DD4FB9803AEC7 /* LiveView.swift */,
				63B28DEEAA2489AC8EC700D2 /* LoginView.swift */,
				29EE154B52FFEBF2A107E9E7 /* PlayerBarView.swift */,
			);
			path = Views;
			sourceTree = "<group>";
		};
		8BC3A83C1D4E2585EBF9920B /* Products */ = {
			isa = PBXGroup;
			children = (
				482A2829B914B2E1A5B5D4FB /* BiteFM.app */,
			);
			name = Products;
			sourceTree = "<group>";
		};
		ABF0503AF79088D086B71BE6 /* BiteFM */ = {
			isa = PBXGroup;
			children = (
				03647380629A6CAF3AAEDA08 /* Assets.xcassets */,
				0279916C527C3CCC2EAEB46D /* BiteFMApp.swift */,
				C3D4E5F60718293A4B5C6D7D /* MacAppDelegate.swift */,
				AF53A163B0793CA133AB81A3 /* Audio */,
				F7E92C34DDE0D672B1C631C1 /* Models */,
				736893108281AEDF00D5B0F0 /* Networking */,
				6F8AC4FCAFBC22C4457BBD44 /* Utils */,
				81493F1C4987530F5631660E /* Views */,
			);
			name = BiteFM;
			path = Sources/BiteFM;
			sourceTree = "<group>";
		};
		AF53A163B0793CA133AB81A3 /* Audio */ = {
			isa = PBXGroup;
			children = (
				9D0E0C054F0CB893601FB9AF /* AudioPlayerManager.swift */,
			);
			path = Audio;
			sourceTree = "<group>";
		};
		F7E92C34DDE0D672B1C631C1 /* Models */ = {
			isa = PBXGroup;
			children = (
				7E320743551142C56F1B26C0 /* ArchiveItem.swift */,
				7738AA3922BE150B8C800E08 /* BroadcastDetail.swift */,
				63BCF720330AEA57269C126A /* FavoriteBroadcast.swift */,
				C7C5D74314945ED3093270A8 /* ListeningHistory.swift */,
				F6B91D19D99CD0ECF0EA98EE /* LiveMetadata.swift */,
				3D17B337D265D510017AB400 /* Show.swift */,
				5D93ED73478914AE8D645A23 /* StoredArchiveItem.swift */,
				C896E1AAA1846FC38FDFB903 /* StoredFavoriteBroadcast.swift */,
				6710C34757EB34512A46239A /* StoredListeningHistoryEntry.swift */,
				E6A2AA19D015260A75E02B82 /* StoredPlaybackPosition.swift */,
				D9538C505149AFD10ED778FC /* StoredShow.swift */,
			);
			path = Models;
			sourceTree = "<group>";
		};
		FD1068A9FC66BA5FCE66C238 = {
			isa = PBXGroup;
			children = (
				ABF0503AF79088D086B71BE6 /* BiteFM */,
				8BC3A83C1D4E2585EBF9920B /* Products */,
			);
			sourceTree = "<group>";
		};
/* End PBXGroup section */

/* Begin PBXNativeTarget section */
		CBA9130A8A7322B2D128FF02 /* BiteFM */ = {
			isa = PBXNativeTarget;
			buildConfigurationList = EE0E76CD6FD89FD036CAA8EC /* Build configuration list for PBXNativeTarget "BiteFM" */;
			buildPhases = (
				A2C0CEE08F526E5490239176 /* Sources */,
				849D7C1175610E4A9C143A24 /* Resources */,
			);
			buildRules = (
			);
			dependencies = (
			);
			name = BiteFM;
			packageProductDependencies = (
			);
			productName = BiteFM;
			productReference = 482A2829B914B2E1A5B5D4FB /* BiteFM.app */;
			productType = "com.apple.product-type.application";
		};
/* End PBXNativeTarget section */

/* Begin PBXProject section */
		300E44B9AB063EC893A08199 /* Project object */ = {
			isa = PBXProject;
			attributes = {
				BuildIndependentTargetsInParallel = YES;
				LastUpgradeCheck = 2630;
			};
			buildConfigurationList = AB40AD66BDF7FF907F0A3A42 /* Build configuration list for PBXProject "BiteFM" */;
			developmentRegion = en;
			hasScannedForEncodings = 0;
			knownRegions = (
				Base,
				en,
			);
			mainGroup = FD1068A9FC66BA5FCE66C238;
			minimizedProjectReferenceProxies = 1;
			preferredProjectObjectVersion = 77;
			productRefGroup = 8BC3A83C1D4E2585EBF9920B /* Products */;
			projectDirPath = "";
			projectRoot = "";
			targets = (
				CBA9130A8A7322B2D128FF02 /* BiteFM */,
			);
		};
/* End PBXProject section */

/* Begin PBXResourcesBuildPhase section */
		849D7C1175610E4A9C143A24 /* Resources */ = {
			isa = PBXResourcesBuildPhase;
			buildActionMask = 2147483647;
			files = (
				11248EFEDCF49BB9F7CB1B40 /* Assets.xcassets in Resources */,
			);
			runOnlyForDeploymentPostprocessing = 0;
		};
/* End PBXResourcesBuildPhase section */

/* Begin PBXSourcesBuildPhase section */
		A2C0CEE08F526E5490239176 /* Sources */ = {
			isa = PBXSourcesBuildPhase;
			buildActionMask = 2147483647;
			files = (
				80DA8DECE043761D1E6539EF /* APIClient.swift in Sources */,
				51A8D7D8BAAA2CCEFC6B44FD /* ArchiveItem.swift in Sources */,
				F6D02C684D580D1E4CCC3F5C /* ArchiveNew.swift in Sources */,
				5FF307CE4C83FA9BA896B331 /* ArchiveView.swift in Sources */,
				5D4F40163630049C7B75C47C /* AudioPlayerManager.swift in Sources */,
				A8C308DF4882003D31A5F5FB /* BiteFMApp.swift in Sources */,
				C3D4E5F60718293A4B5C6D7E /* MacAppDelegate.swift in Sources */,
				B1830EA2F1C659C1B33A15B1 /* BroadcastDetail.swift in Sources */,
				0C0E37CA0905DF20F6F8EFB4 /* BroadcastDetailView.swift in Sources */,
				3BF7DD36B08F8AB97AEB9000 /* BroadcastInspectorModifier.swift in Sources */,
				16D0E2F1CB3A4838CCC20B0F /* BroadcastListView.swift in Sources */,
				096EE74B9E84BBB2C82D10F7 /* BroadcastRow.swift in Sources */,
				A0CE749CDB6C0CD26695E37D /* ContentView.swift in Sources */,
				36376C4CC68D0ADE9F825BDD /* FavoriteBroadcast.swift in Sources */,
				35C0C4003FDC0575604D5132 /* KeychainHelper.swift in Sources */,
				C7B2D56A7A4870AAF67333B2 /* ListeningHistory.swift in Sources */,
				6DD3BD6DDB4DB1761BE99103 /* LiveMetadata.swift in Sources */,
				DABE31160A6200151D49D983 /* LiveView.swift in Sources */,
				06396D84E0815A1BCCD5A03D /* LogManager.swift in Sources */,
				A8C4E2103F5B6D7E8091A2B3D /* MacSpacePlaybackKeyMonitor.swift in Sources */,
				D4E5F60718293A4B5C6D7E8F /* MacPlaybackGlobalHotkey.swift in Sources */,
				C6B3E06AE5AC1C82C06B5E9F /* LoginView.swift in Sources */,
				37E5135DE3CB200DE15BB43D /* PlayerBarView.swift in Sources */,
				319819E5DE4D2822017994ED /* Show.swift in Sources */,
				5708F796C241AF05E3826060 /* StoredArchiveItem.swift in Sources */,
				BDC9E980FF984EECD35B02F6 /* StoredFavoriteBroadcast.swift in Sources */,
				87645EC009334A41E8BBA01D /* StoredListeningHistoryEntry.swift in Sources */,
				DF77B54CE27FA8CA7F9855A5 /* StoredPlaybackPosition.swift in Sources */,
				3B95BE571354B84CA012F046 /* StoredShow.swift in Sources */,
				BDA28ABCDA810DFF2C667CC4 /* String+Extensions.swift in Sources */,
			);
			runOnlyForDeploymentPostprocessing = 0;
		};
/* End PBXSourcesBuildPhase section */

/* Begin XCBuildConfiguration section */
		252ACDAE3C2F6D4F160F0BD4 /* Debug */ = {
			isa = XCBuildConfiguration;
			buildSettings = {
				ASSETCATALOG_COMPILER_APPICON_NAME = AppIcon;
				COMBINE_HIDPI_IMAGES = YES;
				DEAD_CODE_STRIPPING = YES;
				ENABLE_DEBUG_DYLIB = NO;
				INFOPLIST_FILE = Info.plist;
				LD_RUNPATH_SEARCH_PATHS = (
					"$(inherited)",
					"@executable_path/../Frameworks",
				);
				MACOSX_DEPLOYMENT_TARGET = 14.0;
				PRODUCT_BUNDLE_IDENTIFIER = com.technofrikus.BiteFM;
				SDKROOT = macosx;
			};
			name = Debug;
		};
		6C49283620A92256EAD12D0E /* Release */ = {
			isa = XCBuildConfiguration;
			buildSettings = {
				ASSETCATALOG_COMPILER_APPICON_NAME = AppIcon;
				COMBINE_HIDPI_IMAGES = YES;
				DEAD_CODE_STRIPPING = YES;
				INFOPLIST_FILE = Info.plist;
				LD_RUNPATH_SEARCH_PATHS = (
					"$(inherited)",
					"@executable_path/../Frameworks",
				);
				MACOSX_DEPLOYMENT_TARGET = 14.0;
				PRODUCT_BUNDLE_IDENTIFIER = com.technofrikus.BiteFM;
				SDKROOT = macosx;
			};
			name = Release;
		};
		8084A79345260B4FFF26D65A /* Debug */ = {
			isa = XCBuildConfiguration;
			buildSettings = {
				ALWAYS_SEARCH_USER_PATHS = NO;
				ASSETCATALOG_COMPILER_GENERATE_SWIFT_ASSET_SYMBOL_EXTENSIONS = YES;
				CLANG_ANALYZER_NONNULL = YES;
				CLANG_ANALYZER_NUMBER_OBJECT_CONVERSION = YES_AGGRESSIVE;
				CLANG_CXX_LANGUAGE_STANDARD = "gnu++14";
				CLANG_CXX_LIBRARY = "libc++";
				CLANG_ENABLE_MODULES = YES;
				CLANG_ENABLE_OBJC_ARC = YES;
				CLANG_ENABLE_OBJC_WEAK = YES;
				CLANG_WARN_BLOCK_CAPTURE_AUTORELEASING = YES;
				CLANG_WARN_BOOL_CONVERSION = YES;
				CLANG_WARN_COMMA = YES;
				CLANG_WARN_CONSTANT_CONVERSION = YES;
				CLANG_WARN_DEPRECATED_OBJC_IMPLEMENTATIONS = YES;
				CLANG_WARN_DIRECT_OBJC_ISA_USAGE = YES_ERROR;
				CLANG_WARN_DOCUMENTATION_COMMENTS = YES;
				CLANG_WARN_EMPTY_BODY = YES;
				CLANG_WARN_ENUM_CONVERSION = YES;
				CLANG_WARN_INFINITE_RECURSION = YES;
				CLANG_WARN_INT_CONVERSION = YES;
				CLANG_WARN_NON_LITERAL_NULL_CONVERSION = YES;
				CLANG_WARN_OBJC_IMPLICIT_RETAIN_SELF = YES;
				CLANG_WARN_OBJC_LITERAL_CONVERSION = YES;
				CLANG_WARN_OBJC_ROOT_CLASS = YES_ERROR;
				CLANG_WARN_QUOTED_INCLUDE_IN_FRAMEWORK_HEADER = YES;
				CLANG_WARN_RANGE_LOOP_ANALYSIS = YES;
				CLANG_WARN_STRICT_PROTOTYPES = YES;
				CLANG_WARN_SUSPICIOUS_MOVE = YES;
				CLANG_WARN_UNGUARDED_AVAILABILITY = YES_AGGRESSIVE;
				CLANG_WARN_UNREACHABLE_CODE = YES;
				CLANG_WARN__DUPLICATE_METHOD_MATCH = YES;
				COPY_PHASE_STRIP = NO;
				DEAD_CODE_STRIPPING = YES;
				DEBUG_INFORMATION_FORMAT = dwarf;
				ENABLE_DEBUG_DYLIB = NO;
				ENABLE_STRICT_OBJC_MSGSEND = YES;
				ENABLE_TESTABILITY = YES;
				ENABLE_USER_SCRIPT_SANDBOXING = YES;
				GCC_C_LANGUAGE_STANDARD = gnu11;
				GCC_DYNAMIC_NO_PIC = NO;
				GCC_NO_COMMON_BLOCKS = YES;
				GCC_OPTIMIZATION_LEVEL = 0;
				GCC_PREPROCESSOR_DEFINITIONS = (
					"$(inherited)",
					"DEBUG=1",
				);
				GCC_WARN_64_TO_32_BIT_CONVERSION = YES;
				GCC_WARN_ABOUT_RETURN_TYPE = YES_ERROR;
				GCC_WARN_UNDECLARED_SELECTOR = YES;
				GCC_WARN_UNINITIALIZED_AUTOS = YES_AGGRESSIVE;
				GCC_WARN_UNUSED_FUNCTION = YES;
				GCC_WARN_UNUSED_VARIABLE = YES;
				MTL_ENABLE_DEBUG_INFO = INCLUDE_SOURCE;
				MTL_FAST_MATH = YES;
				ONLY_ACTIVE_ARCH = YES;
				PRODUCT_NAME = "$(TARGET_NAME)";
				SDKROOT = macosx;
				STRING_CATALOG_GENERATE_SYMBOLS = YES;
				SWIFT_ACTIVE_COMPILATION_CONDITIONS = DEBUG;
				SWIFT_OPTIMIZATION_LEVEL = "-Onone";
				SWIFT_VERSION = 5.0;
			};
			name = Debug;
		};
		F66A10B7ADBF58E673D567C4 /* Release */ = {
			isa = XCBuildConfiguration;
			buildSettings = {
				ALWAYS_SEARCH_USER_PATHS = NO;
				ASSETCATALOG_COMPILER_GENERATE_SWIFT_ASSET_SYMBOL_EXTENSIONS = YES;
				CLANG_ANALYZER_NONNULL = YES;
				CLANG_ANALYZER_NUMBER_OBJECT_CONVERSION = YES_AGGRESSIVE;
				CLANG_CXX_LANGUAGE_STANDARD = "gnu++14";
				CLANG_CXX_LIBRARY = "libc++";
				CLANG_ENABLE_MODULES = YES;
				CLANG_ENABLE_OBJC_ARC = YES;
				CLANG_ENABLE_OBJC_WEAK = YES;
				CLANG_WARN_BLOCK_CAPTURE_AUTORELEASING = YES;
				CLANG_WARN_BOOL_CONVERSION = YES;
				CLANG_WARN_COMMA = YES;
				CLANG_WARN_CONSTANT_CONVERSION = YES;
				CLANG_WARN_DEPRECATED_OBJC_IMPLEMENTATIONS = YES;
				CLANG_WARN_DIRECT_OBJC_ISA_USAGE = YES_ERROR;
				CLANG_WARN_DOCUMENTATION_COMMENTS = YES;
				CLANG_WARN_EMPTY_BODY = YES;
				CLANG_WARN_ENUM_CONVERSION = YES;
				CLANG_WARN_INFINITE_RECURSION = YES;
				CLANG_WARN_INT_CONVERSION = YES;
				CLANG_WARN_NON_LITERAL_NULL_CONVERSION = YES;
				CLANG_WARN_OBJC_IMPLICIT_RETAIN_SELF = YES;
				CLANG_WARN_OBJC_LITERAL_CONVERSION = YES;
				CLANG_WARN_OBJC_ROOT_CLASS = YES_ERROR;
				CLANG_WARN_QUOTED_INCLUDE_IN_FRAMEWORK_HEADER = YES;
				CLANG_WARN_RANGE_LOOP_ANALYSIS = YES;
				CLANG_WARN_STRICT_PROTOTYPES = YES;
				CLANG_WARN_SUSPICIOUS_MOVE = YES;
				CLANG_WARN_UNGUARDED_AVAILABILITY = YES_AGGRESSIVE;
				CLANG_WARN_UNREACHABLE_CODE = YES;
				CLANG_WARN__DUPLICATE_METHOD_MATCH = YES;
				COPY_PHASE_STRIP = NO;
				DEAD_CODE_STRIPPING = YES;
				DEBUG_INFORMATION_FORMAT = "dwarf-with-dsym";
				ENABLE_NS_ASSERTIONS = NO;
				ENABLE_STRICT_OBJC_MSGSEND = YES;
				ENABLE_USER_SCRIPT_SANDBOXING = YES;
				GCC_C_LANGUAGE_STANDARD = gnu11;
				GCC_NO_COMMON_BLOCKS = YES;
				GCC_WARN_64_TO_32_BIT_CONVERSION = YES;
				GCC_WARN_ABOUT_RETURN_TYPE = YES_ERROR;
				GCC_WARN_UNDECLARED_SELECTOR = YES;
				GCC_WARN_UNINITIALIZED_AUTOS = YES_AGGRESSIVE;
				GCC_WARN_UNUSED_FUNCTION = YES;
				GCC_WARN_UNUSED_VARIABLE = YES;
				MTL_ENABLE_DEBUG_INFO = NO;
				MTL_FAST_MATH = YES;
				PRODUCT_NAME = "$(TARGET_NAME)";
				SDKROOT = macosx;
				STRING_CATALOG_GENERATE_SYMBOLS = YES;
				SWIFT_COMPILATION_MODE = wholemodule;
				SWIFT_OPTIMIZATION_LEVEL = "-O";
				SWIFT_VERSION = 5.0;
			};
			name = Release;
		};
/* End XCBuildConfiguration section */

/* Begin XCConfigurationList section */
		AB40AD66BDF7FF907F0A3A42 /* Build configuration list for PBXProject "BiteFM" */ = {
			isa = XCConfigurationList;
			buildConfigurations = (
				8084A79345260B4FFF26D65A /* Debug */,
				F66A10B7ADBF58E673D567C4 /* Release */,
			);
			defaultConfigurationIsVisible = 0;
			defaultConfigurationName = Debug;
		};
		EE0E76CD6FD89FD036CAA8EC /* Build configuration list for PBXNativeTarget "BiteFM" */ = {
			isa = XCConfigurationList;
			buildConfigurations = (
				252ACDAE3C2F6D4F160F0BD4 /* Debug */,
				6C49283620A92256EAD12D0E /* Release */,
			);
			defaultConfigurationIsVisible = 0;
			defaultConfigurationName = Debug;
		};
/* End XCConfigurationList section */
	};
	rootObject = 300E44B9AB063EC893A08199 /* Project object */;
}
